
Microsoft Visual Studio Solution File, Format Version 12.00
# Visual Studio Version 16
VisualStudioVersion = 16.0.32929.386
MinimumVisualStudioVersion = 10.0.40219.1
Project("{FAE04EC0-301F-11D3-BF4B-00C04F79EFBC}") = "PasswordGenMVVM", "PasswordGenMVVM\PasswordGenMVVM.csproj", "{93665C4F-E903-494D-B77F-D209C7B0E2F4}"
EndProject
Global
	GlobalSection(SolutionConfigurationPlatforms) = preSolution
		Debug|Any CPU = Debug|Any CPU
		Release|Any CPU = Release|Any CPU
	EndGlobalSection
	GlobalSection(ProjectConfigurationPlatforms) = postSolution
		{93665C4F-E903-494D-B77F-D209C7B0E2F4}.Debug|Any CPU.ActiveCfg = Debug|Any CPU
		{93665C4F-E903-494D-B77F-D209C7B0E2F4}.Debug|Any CPU.Build.0 = Debug|Any CPU
		{93665C4F-E903-494D-B77F-D209C7B0E2F4}.Release|Any CPU.ActiveCfg = Release|Any CPU
		{93665C4F-E903-494D-B77F-D209C7B0E2F4}.Release|Any CPU.Build.0 = Release|Any CPU
	EndGlobalSection
	GlobalSection(SolutionProperties) = preSolution
		HideSolutionNode = FALSE
	EndGlobalSection
	GlobalSection(ExtensibilityGlobals) = postSolution
		SolutionGuid = {CFBCC723-BBC7-4945-BA2F-D54C6D745327}
	EndGlobalSection
EndGlobal
